
Microsoft Visual Studio Solution File, Format Version 12.00
# Visual Studio Version 16
VisualStudioVersion = 16.0.29006.145
MinimumVisualStudioVersion = 10.0.40219.1
Project("{FAE04EC0-301F-11D3-BF4B-00C04F79EFBC}") = "CapaDatos", "CapaDatos\CapaDatos.csproj", "{B47B0E2A-6BF8-48B3-BCDE-4E66B4F34C3D}"
EndProject
Project("{FAE04EC0-301F-11D3-BF4B-00C04F79EFBC}") = "CapaNegocios", "CapaNegocios\CapaNegocios.csproj", "{31DDE171-930A-4A66-BC35-53E040175BE3}"
EndProject
Project("{FAE04EC0-301F-11D3-BF4B-00C04F79EFBC}") = "CapaPresentacion", "CapaPresentacion\CapaPresentacion.csproj", "{528F040F-5838-4DF7-B60A-7E7A541EC7D1}"
EndProject
Project("{FAE04EC0-301F-11D3-BF4B-00C04F79EFBC}") = "AppVentas", "AppVentas\AppVentas.csproj", "{AC5B2733-75B6-46EB-B12C-85A6636AD32A}"
EndProject
Global
	GlobalSection(SolutionConfigurationPlatforms) = preSolution
		Debug|Any CPU = Debug|Any CPU
		Release|Any CPU = Release|Any CPU
	EndGlobalSection
	GlobalSection(ProjectConfigurationPlatforms) = postSolution
		{B47B0E2A-6BF8-48B3-BCDE-4E66B4F34C3D}.Debug|Any CPU.ActiveCfg = Debug|Any CPU
		{B47B0E2A-6BF8-48B3-BCDE-4E66B4F34C3D}.Debug|Any CPU.Build.0 = Debug|Any CPU
		{B47B0E2A-6BF8-48B3-BCDE-4E66B4F34C3D}.Release|Any CPU.ActiveCfg = Release|Any CPU
		{B47B0E2A-6BF8-48B3-BCDE-4E66B4F34C3D}.Release|Any CPU.Build.0 = Release|Any CPU
		{31DDE171-930A-4A66-BC35-53E040175BE3}.Debug|Any CPU.ActiveCfg = Debug|Any CPU
		{31DDE171-930A-4A66-BC35-53E040175BE3}.Debug|Any CPU.Build.0 = Debug|Any CPU
		{31DDE171-930A-4A66-BC35-53E040175BE3}.Release|Any CPU.ActiveCfg = Release|Any CPU
		{31DDE171-930A-4A66-BC35-53E040175BE3}.Release|Any CPU.Build.0 = Release|Any CPU
		{528F040F-5838-4DF7-B60A-7E7A541EC7D1}.Debug|Any CPU.ActiveCfg = Debug|Any CPU
		{528F040F-5838-4DF7-B60A-7E7A541EC7D1}.Debug|Any CPU.Build.0 = Debug|Any CPU
		{528F040F-5838-4DF7-B60A-7E7A541EC7D1}.Release|Any CPU.ActiveCfg = Release|Any CPU
		{528F040F-5838-4DF7-B60A-7E7A541EC7D1}.Release|Any CPU.Build.0 = Release|Any CPU
		{AC5B2733-75B6-46EB-B12C-85A6636AD32A}.Debug|Any CPU.ActiveCfg = Debug|Any CPU
		{AC5B2733-75B6-46EB-B12C-85A6636AD32A}.Debug|Any CPU.Build.0 = Debug|Any CPU
		{AC5B2733-75B6-46EB-B12C-85A6636AD32A}.Release|Any CPU.ActiveCfg = Release|Any CPU
		{AC5B2733-75B6-46EB-B12C-85A6636AD32A}.Release|Any CPU.Build.0 = Release|Any CPU
	EndGlobalSection
	GlobalSection(SolutionProperties) = preSolution
		HideSolutionNode = FALSE
	EndGlobalSection
	GlobalSection(ExtensibilityGlobals) = postSolution
		SolutionGuid = {F988E0C6-7B4A-4848-BDB8-7991FC542D9F}
	EndGlobalSection
EndGlobal
